DEPENDENCIES
  NodeJSApp
    path: .
    metadata: true

GRAPH
  NodeJSApp (0.1.0)
    apt (>= 0.0.0)
    nodejs (~> 2.4.4)
  apt (4.0.2)
    compat_resource (>= 12.10)
  ark (1.2.0)
    build-essential (>= 0.0.0)
    seven_zip (>= 0.0.0)
    windows (>= 0.0.0)
  build-essential (6.0.4)
    compat_resource (>= 12.10)
    mingw (>= 1.1)
    seven_zip (>= 0.0.0)
  chef_handler (1.4.0)
  compat_resource (12.14.0)
  homebrew (2.1.0)
    build-essential (>= 2.1.2)
  mingw (1.2.4)
    compat_resource (>= 0.0.0)
    seven_zip (>= 0.0.0)
  nodejs (2.4.4)
    apt (>= 0.0.0)
    ark (>= 0.0.0)
    build-essential (>= 0.0.0)
    homebrew (>= 0.0.0)
    yum-epel (>= 0.0.0)
  seven_zip (2.0.2)
    windows (>= 1.2.2)
  windows (1.44.3)
    chef_handler (>= 0.0.0)
  yum (3.12.0)
  yum-epel (0.7.1)
    yum (>= 3.6.3)
